// !$*UTF8*$!
{
	archiveVersion = 1;
	classes = {
	};
	objectVersion = 46;
	objects = {

/* Begin PBXBuildFile section */
		DC381F5A1D4C61FC0022FEAE /* AppDelegate.swift in Sources */ = {isa = PBXBuildFile; fileRef = DC381F591D4C61FC0022FEAE /* AppDelegate.swift */; };
		DC381F5C1D4C61FC0022FEAE /* ViewController.swift in Sources */ = {isa = PBXBuildFile; fileRef = DC381F5B1D4C61FC0022FEAE /* ViewController.swift */; };
		DC381F5F1D4C61FC0022FEAE /* Main.storyboard in Resources */ = {isa = PBXBuildFile; fileRef = DC381F5D1D4C61FC0022FEAE /* Main.storyboard */; };
		DC381F611D4C61FC0022FEAE /* Assets.xcassets in Resources */ = {isa = PBXBuildFile; fileRef = DC381F601D4C61FC0022FEAE /* Assets.xcassets */; };
		DC381F641D4C61FC0022FEAE /* LaunchScreen.storyboard in Resources */ = {isa = PBXBuildFile; fileRef = DC381F621D4C61FC0022FEAE /* LaunchScreen.storyboard */; };
/* End PBXBuildFile section */

/* Begin PBXFileReference section */
		DC381F561D4C61FC0022FEAE /* StylishStringDemo.app */ = {isa = PBXFileReference; explicitFileType = wrapper.application; includeInIndex = 0; path = StylishStringDemo.app; sourceTree = BUILT_PRODUCTS_DIR; };
		DC381F591D4C61FC0022FEAE /* AppDelegate.swift */ = {isa = PBXFileReference; lastKnownFileType = sourcecode.swift; path = AppDelegate.swift; sourceTree = "<group>"; };
		DC381F5B1D4C61FC0022FEAE /* ViewController.swift */ = {isa = PBXFileReference; lastKnownFileType = sourcecode.swift; path = ViewController.swift; sourceTree = "<group>"; };
		DC381F5E1D4C61FC0022FEAE /* Base */ = {isa = PBXFileReference; lastKnownFileType = file.storyboard; name = Base; path = Base.lproj/Main.storyboard; sourceTree = "<group>"; };
		DC381F601D4C61FC0022FEAE /* Assets.xcassets */ = {isa = PBXFileReference; lastKnownFileType = folder.assetcatalog; path = Assets.xcassets; sourceTree = "<group>"; };
		DC381F631D4C61FC0022FEAE /* Base */ = {isa = PBXFileReference; lastKnownFileType = file.storyboard; name = Base; path = Base.lproj/LaunchScreen.storyboard; sourceTree = "<group>"; };
		DC381F651D4C61FC0022FEAE /* Info.plist */ = {isa = PBXFileReference; lastKnownFileType = text.plist.xml; path = Info.plist; sourceTree = "<group>"; };
/* End PBXFileReference section */

/* Begin PBXFrameworksBuildPhase section */
		DC381F531D4C61FC0022FEAE /* Frameworks */ = {
			isa = PBXFrameworksBuildPhase;
			buildActionMask = 2147483647;
			files = (
			);
			runOnlyForDeploymentPostprocessing = 0;
		};
/* End PBXFrameworksBuildPhase section */

/* Begin PBXGroup section */
		DC381F4D1D4C61FC0022FEAE = {
			isa = PBXGroup;
			children = (
				DC381F581D4C61FC0022FEAE /* StylishStringDemo */,
				DC381F571D4C61FC0022FEAE /* Products */,
			);
			sourceTree = "<group>";
		};
		DC381F571D4C61FC0022FEAE /* Products */ = {
			isa = PBXGroup;
			children = (
				DC381F561D4C61FC0022FEAE /* StylishStringDemo.app */,
			);
			name = Products;
			sourceTree = "<group>";
		};
		DC381F581D4C61FC0022FEAE /* StylishStringDemo */ = {
			isa = PBXGroup;
			children = (
				DC381F591D4C61FC0022FEAE /* AppDelegate.swift */,
				DC381F5B1D4C61FC0022FEAE /* ViewController.swift */,
				DC381F5D1D4C61FC0022FEAE /* Main.storyboard */,
				DC381F601D4C61FC0022FEAE /* Assets.xcassets */,
				DC381F621D4C61FC0022FEAE /* LaunchScreen.storyboard */,
				DC381F651D4C61FC0022FEAE /* Info.plist */,
			);
			path = StylishStringDemo;
			sourceTree = "<group>";
		};
/* End PBXGroup section */

/* Begin PBXNativeTarget section */
		DC381F551D4C61FC0022FEAE /* StylishStringDemo */ = {
			isa = PBXNativeTarget;
			buildConfigurationList = DC381F681D4C61FC0022FEAE /* Build configuration list for PBXNativeTarget "StylishStringDemo" */;
			buildPhases = (
				DC381F521D4C61FC0022FEAE /* Sources */,
				DC381F531D4C61FC0022FEAE /* Frameworks */,
				DC381F541D4C61FC0022FEAE /* Resources */,
			);
			buildRules = (
			);
			dependencies = (
			);
			name = StylishStringDemo;
			productName = StylishStringDemo;
			productReference = DC381F561D4C61FC0022FEAE /* StylishStringDemo.app */;
			productType = "com.apple.product-type.application";
		};
/* End PBXNativeTarget section */

/* Begin PBXProject section */
		DC381F4E1D4C61FC0022FEAE /* Project object */ = {
			isa = PBXProject;
			attributes = {
				LastSwiftUpdateCheck = 0730;
				LastUpgradeCheck = 0730;
				ORGANIZATIONNAME = "Harlan Kellaway";
				TargetAttributes = {
					DC381F551D4C61FC0022FEAE = {
						CreatedOnToolsVersion = 7.3;
					};
				};
			};
			buildConfigurationList = DC381F511D4C61FC0022FEAE /* Build configuration list for PBXProject "StylishStringDemo" */;
			compatibilityVersion = "Xcode 3.2";
			developmentRegion = English;
			hasScannedForEncodings = 0;
			knownRegions = (
				en,
				Base,
			);
			mainGroup = DC381F4D1D4C61FC0022FEAE;
			productRefGroup = DC381F571D4C61FC0022FEAE /* Products */;
			projectDirPath = "";
			projectRoot = "";
			targets = (
				DC381F551D4C61FC0022FEAE /* StylishStringDemo */,
			);
		};
/* End PBXProject section */

/* Begin PBXResourcesBuildPhase section */
		DC381F541D4C61FC0022FEAE /* Resources */ = {
			isa = PBXResourcesBuildPhase;
			buildActionMask = 2147483647;
			files = (
				DC381F641D4C61FC0022FEAE /* LaunchScreen.storyboard in Resources */,
				DC381F611D4C61FC0022FEAE /* Assets.xcassets in Resources */,
				DC381F5F1D4C61FC0022FEAE /* Main.storyboard in Resources */,
			);
			runOnlyForDeploymentPostprocessing = 0;
		};
/* End PBXResourcesBuildPhase section */

/* Begin PBXSourcesBuildPhase section */
		DC381F521D4C61FC0022FEAE /* Sources */ = {
			isa = PBXSourcesBuildPhase;
			buildActionMask = 2147483647;
			files = (
				DC381F5C1D4C61FC0022FEAE /* ViewController.swift in Sources */,
				DC381F5A1D4C61FC0022FEAE /* AppDelegate.swift in Sources */,
			);
			runOnlyForDeploymentPostprocessing = 0;
		};
/* End PBXSourcesBuildPhase section */

/* Begin PBXVariantGroup section */
		DC381F5D1D4C61FC0022FEAE /* Main.storyboard */ = {
			isa = PBXVariantGroup;
			children = (
				DC381F5E1D4C61FC0022FEAE /* Base */,
			);
			name = Main.storyboard;
			sourceTree = "<group>";
		};
		DC381F621D4C61FC0022FEAE /* LaunchScreen.storyboard */ = {
			isa = PBXVariantGroup;
			children = (
				DC381F631D4C61FC0022FEAE /* Base */,
			);
			name = LaunchScreen.storyboard;
			sourceTree = "<group>";
		};
/* End PBXVariantGroup section */

/* Begin XCBuildConfiguration section */
		DC381F661D4C61FC0022FEAE /* Debug */ = {
			isa = XCBuildConfiguration;
			buildSettings = {
				ALWAYS_SEARCH_USER_PATHS = NO;
				CLANG_ANALYZER_NONNULL = YES;
				CLANG_CXX_LANGUAGE_STANDARD = "gnu++0x";
				CLANG_CXX_LIBRARY = "libc++";
				CLANG_ENABLE_MODULES = YES;
				CLANG_ENABLE_OBJC_ARC = YES;
				CLANG_WARN_BOOL_CONVERSION = YES;
				CLANG_WARN_CONSTANT_CONVERSION = YES;
				CLANG_WARN_DIRECT_OBJC_ISA_USAGE = YES_ERROR;
				CLANG_WARN_EMPTY_BODY = YES;
				CLANG_WARN_ENUM_CONVERSION = YES;
				CLANG_WARN_INT_CONVERSION = YES;
				CLANG_WARN_OBJC_ROOT_CLASS = YES_ERROR;
				CLANG_WARN_UNREACHABLE_CODE = YES;
				CLANG_WARN__DUPLICATE_METHOD_MATCH = YES;
				"CODE_SIGN_IDENTITY[sdk=iphoneos*]" = "iPhone Developer";
				COPY_PHASE_STRIP = NO;
				DEBUG_INFORMATION_FORMAT = dwarf;
				ENABLE_STRICT_OBJC_MSGSEND = YES;
				ENABLE_TESTABILITY = YES;
				GCC_C_LANGUAGE_STANDARD = gnu99;
				GCC_DYNAMIC_NO_PIC = NO;
				GCC_NO_COMMON_BLOCKS = YES;
				GCC_OPTIMIZATION_LEVEL = 0;
				GCC_PREPROCESSOR_DEFINITIONS = (
					"DEBUG=1",
					"$(inherited)",
				);
				GCC_WARN_64_TO_32_BIT_CONVERSION = YES;
				GCC_WARN_ABOUT_RETURN_TYPE = YES_ERROR;
				GCC_WARN_UNDECLARED_SELECTOR = YES;
				GCC_WARN_UNINITIALIZED_AUTOS = YES_AGGRESSIVE;
				GCC_WARN_UNUSED_FUNCTION = YES;
				GCC_WARN_UNUSED_VARIABLE = YES;
				IPHONEOS_DEPLOYMENT_TARGET = 8.0;
				MTL_ENABLE_DEBUG_INFO = YES;
				ONLY_ACTIVE_ARCH = YES;
				SDKROOT = iphoneos;
				SWIFT_OPTIMIZATION_LEVEL = "-Onone";
				TARGETED_DEVICE_FAMILY = "1,2";
			};
			name = Debug;
		};
		DC381F671D4C61FC0022FEAE /* Release */ = {
			isa = XCBuildConfiguration;
			buildSettings = {
				ALWAYS_SEARCH_USER_PATHS = NO;
				CLANG_ANALYZER_NONNULL = YES;
				CLANG_CXX_LANGUAGE_STANDARD = "gnu++0x";
				CLANG_CXX_LIBRARY = "libc++";
				CLANG_ENABLE_MODULES = YES;
				CLANG_ENABLE_OBJC_ARC = YES;
				CLANG_WARN_BOOL_CONVERSION = YES;
				CLANG_WARN_CONSTANT_CONVERSION = YES;
				CLANG_WARN_DIRECT_OBJC_ISA_USAGE = YES_ERROR;
				CLANG_WARN_EMPTY_BODY = YES;
				CLANG_WARN_ENUM_CONVERSION = YES;
				CLANG_WARN_INT_CONVERSION = YES;
				CLANG_WARN_OBJC_ROOT_CLASS = YES_ERROR;
				CLANG_WARN_UNREACHABLE_CODE = YES;
				CLANG_WARN__DUPLICATE_METHOD_MATCH = YES;
				"CODE_SIGN_IDENTITY[sdk=iphoneos*]" = "iPhone Developer";
				COPY_PHASE_STRIP = NO;
				DEBUG_INFORMATION_FORMAT = "dwarf-with-dsym";
				ENABLE_NS_ASSERTIONS = NO;
				ENABLE_STRICT_OBJC_MSGSEND = YES;
				GCC_C_LANGUAGE_STANDARD = gnu99;
				GCC_NO_COMMON_BLOCKS = YES;
				GCC_WARN_64_TO_32_BIT_CONVERSION = YES;
				GCC_WARN_ABOUT_RETURN_TYPE = YES_ERROR;
				GCC_WARN_UNDECLARED_SELECTOR = YES;
				GCC_WARN_UNINITIALIZED_AUTOS = YES_AGGRESSIVE;
				GCC_WARN_UNUSED_FUNCTION = YES;
				GCC_WARN_UNUSED_VARIABLE = YES;
				IPHONEOS_DEPLOYMENT_TARGET = 8.0;
				MTL_ENABLE_DEBUG_INFO = NO;
				SDKROOT = iphoneos;
				TARGETED_DEVICE_FAMILY = "1,2";
				VALIDATE_PRODUCT = YES;
			};
			name = Release;
		};
		DC381F691D4C61FC0022FEAE /* Debug */ = {
			isa = XCBuildConfiguration;
			buildSettings = {
				ASSETCATALOG_COMPILER_APPICON_NAME = AppIcon;
				INFOPLIST_FILE = StylishStringDemo/Info.plist;
				IPHONEOS_DEPLOYMENT_TARGET = 8.0;
				LD_RUNPATH_SEARCH_PATHS = "$(inherited) @executable_path/Frameworks";
				PRODUCT_BUNDLE_IDENTIFIER = com.harlankellaway.StylishStringDemo;
				PRODUCT_NAME = "$(TARGET_NAME)";
			};
			name = Debug;
		};
		DC381F6A1D4C61FC0022FEAE /* Release */ = {
			isa = XCBuildConfiguration;
			buildSettings = {
				ASSETCATALOG_COMPILER_APPICON_NAME = AppIcon;
				INFOPLIST_FILE = StylishStringDemo/Info.plist;
				IPHONEOS_DEPLOYMENT_TARGET = 8.0;
				LD_RUNPATH_SEARCH_PATHS = "$(inherited) @executable_path/Frameworks";
				PRODUCT_BUNDLE_IDENTIFIER = com.harlankellaway.StylishStringDemo;
				PRODUCT_NAME = "$(TARGET_NAME)";
			};
			name = Release;
		};
/* End XCBuildConfiguration section */

/* Begin XCConfigurationList section */
		DC381F511D4C61FC0022FEAE /* Build configuration list for PBXProject "StylishStringDemo" */ = {
			isa = XCConfigurationList;
			buildConfigurations = (
				DC381F661D4C61FC0022FEAE /* Debug */,
				DC381F671D4C61FC0022FEAE /* Release */,
			);
			defaultConfigurationIsVisible = 0;
			defaultConfigurationName = Release;
		};
		DC381F681D4C61FC0022FEAE /* Build configuration list for PBXNativeTarget "StylishStringDemo" */ = {
			isa = XCConfigurationList;
			buildConfigurations = (
				DC381F691D4C61FC0022FEAE /* Debug */,
				DC381F6A1D4C61FC0022FEAE /* Release */,
			);
			defaultConfigurationIsVisible = 0;
		};
/* End XCConfigurationList section */
	};
	rootObject = DC381F4E1D4C61FC0022FEAE /* Project object */;
}
